// !$*UTF8*$!
{
	archiveVersion = 1;
	classes = {
	};
	objectVersion = 46;
	objects = {

/* Begin PBXBuildFile section */
		6B59FB4B1F3DF8D00031BBB1 /* AppDelegate.swift in Sources */ = {isa = PBXBuildFile; fileRef = 6B59FB4A1F3DF8D00031BBB1 /* AppDelegate.swift */; };
		6B59FB4D1F3DF8D00031BBB1 /* BrowseViewController.swift in Sources */ = {isa = PBXBuildFile; fileRef = 6B59FB4C1F3DF8D00031BBB1 /* BrowseViewController.swift */; };
		6B59FB521F3DF8D00031BBB1 /* Assets.xcassets in Resources */ = {isa = PBXBuildFile; fileRef = 6B59FB511F3DF8D00031BBB1 /* Assets.xcassets */; };
		6B59FB551F3DF8D00031BBB1 /* LaunchScreen.storyboard in Resources */ = {isa = PBXBuildFile; fileRef = 6B59FB531F3DF8D00031BBB1 /* LaunchScreen.storyboard */; };
		6B59FB5D1F3DFB0E0031BBB1 /* BrowseDivisionCell.swift in Sources */ = {isa = PBXBuildFile; fileRef = 6B59FB5C1F3DFB0E0031BBB1 /* BrowseDivisionCell.swift */; };
		6B59FB5F1F3DFBA20031BBB1 /* BrowseChefCell.swift in Sources */ = {isa = PBXBuildFile; fileRef = 6B59FB5E1F3DFBA20031BBB1 /* BrowseChefCell.swift */; };
		6B59FB611F3DFC7E0031BBB1 /* Chef.swift in Sources */ = {isa = PBXBuildFile; fileRef = 6B59FB601F3DFC7E0031BBB1 /* Chef.swift */; };
		6B59FB631F3DFD5A0031BBB1 /* BrowseDivisionCellDataSource.swift in Sources */ = {isa = PBXBuildFile; fileRef = 6B59FB621F3DFD5A0031BBB1 /* BrowseDivisionCellDataSource.swift */; };
		6B59FB651F3DFF090031BBB1 /* BrowseChefCellDataSource.swift in Sources */ = {isa = PBXBuildFile; fileRef = 6B59FB641F3DFF090031BBB1 /* BrowseChefCellDataSource.swift */; };
		6B59FB691F3E00F30031BBB1 /* CustomTabBarController.swift in Sources */ = {isa = PBXBuildFile; fileRef = 6B59FB681F3E00F30031BBB1 /* CustomTabBarController.swift */; };
/* End PBXBuildFile section */

/* Begin PBXFileReference section */
		6B59FB471F3DF8D00031BBB1 /* Chef.app */ = {isa = PBXFileReference; explicitFileType = wrapper.application; includeInIndex = 0; path = Chef.app; sourceTree = BUILT_PRODUCTS_DIR; };
		6B59FB4A1F3DF8D00031BBB1 /* AppDelegate.swift */ = {isa = PBXFileReference; lastKnownFileType = sourcecode.swift; path = AppDelegate.swift; sourceTree = "<group>"; };
		6B59FB4C1F3DF8D00031BBB1 /* BrowseViewController.swift */ = {isa = PBXFileReference; lastKnownFileType = sourcecode.swift; path = BrowseViewController.swift; sourceTree = "<group>"; };
		6B59FB511F3DF8D00031BBB1 /* Assets.xcassets */ = {isa = PBXFileReference; lastKnownFileType = folder.assetcatalog; path = Assets.xcassets; sourceTree = "<group>"; };
		6B59FB541F3DF8D00031BBB1 /* Base */ = {isa = PBXFileReference; lastKnownFileType = file.storyboard; name = Base; path = Base.lproj/LaunchScreen.storyboard; sourceTree = "<group>"; };
		6B59FB561F3DF8D00031BBB1 /* Info.plist */ = {isa = PBXFileReference; lastKnownFileType = text.plist.xml; path = Info.plist; sourceTree = "<group>"; };
		6B59FB5C1F3DFB0E0031BBB1 /* BrowseDivisionCell.swift */ = {isa = PBXFileReference; fileEncoding = 4; lastKnownFileType = sourcecode.swift; path = BrowseDivisionCell.swift; sourceTree = "<group>"; };
		6B59FB5E1F3DFBA20031BBB1 /* BrowseChefCell.swift */ = {isa = PBXFileReference; fileEncoding = 4; lastKnownFileType = sourcecode.swift; path = BrowseChefCell.swift; sourceTree = "<group>"; };
		6B59FB601F3DFC7E0031BBB1 /* Chef.swift */ = {isa = PBXFileReference; fileEncoding = 4; lastKnownFileType = sourcecode.swift; path = Chef.swift; sourceTree = "<group>"; };
		6B59FB621F3DFD5A0031BBB1 /* BrowseDivisionCellDataSource.swift */ = {isa = PBXFileReference; fileEncoding = 4; lastKnownFileType = sourcecode.swift; path = BrowseDivisionCellDataSource.swift; sourceTree = "<group>"; };
		6B59FB641F3DFF090031BBB1 /* BrowseChefCellDataSource.swift */ = {isa = PBXFileReference; fileEncoding = 4; lastKnownFileType = sourcecode.swift; path = BrowseChefCellDataSource.swift; sourceTree = "<group>"; };
		6B59FB681F3E00F30031BBB1 /* CustomTabBarController.swift */ = {isa = PBXFileReference; fileEncoding = 4; lastKnownFileType = sourcecode.swift; name = CustomTabBarController.swift; path = ../CustomTabBarController.swift; sourceTree = "<group>"; };
/* End PBXFileReference section */

/* Begin PBXFrameworksBuildPhase section */
		6B59FB441F3DF8D00031BBB1 /* Frameworks */ = {
			isa = PBXFrameworksBuildPhase;
			buildActionMask = 2147483647;
			files = (
			);
			runOnlyForDeploymentPostprocessing = 0;
		};
/* End PBXFrameworksBuildPhase section */

/* Begin PBXGroup section */
		6B59FB3E1F3DF8D00031BBB1 = {
			isa = PBXGroup;
			children = (
				6B59FB491F3DF8D00031BBB1 /* Chef */,
				6B59FB481F3DF8D00031BBB1 /* Products */,
			);
			sourceTree = "<group>";
		};
		6B59FB481F3DF8D00031BBB1 /* Products */ = {
			isa = PBXGroup;
			children = (
				6B59FB471F3DF8D00031BBB1 /* Chef.app */,
			);
			name = Products;
			sourceTree = "<group>";
		};
		6B59FB491F3DF8D00031BBB1 /* Chef */ = {
			isa = PBXGroup;
			children = (
				6B59FB681F3E00F30031BBB1 /* CustomTabBarController.swift */,
				6B59FB4A1F3DF8D00031BBB1 /* AppDelegate.swift */,
				6B59FB601F3DFC7E0031BBB1 /* Chef.swift */,
				6B59FB4C1F3DF8D00031BBB1 /* BrowseViewController.swift */,
				6B59FB621F3DFD5A0031BBB1 /* BrowseDivisionCellDataSource.swift */,
				6B59FB5C1F3DFB0E0031BBB1 /* BrowseDivisionCell.swift */,
				6B59FB641F3DFF090031BBB1 /* BrowseChefCellDataSource.swift */,
				6B59FB5E1F3DFBA20031BBB1 /* BrowseChefCell.swift */,
				6B59FB511F3DF8D00031BBB1 /* Assets.xcassets */,
				6B59FB531F3DF8D00031BBB1 /* LaunchScreen.storyboard */,
				6B59FB561F3DF8D00031BBB1 /* Info.plist */,
			);
			path = Chef;
			sourceTree = "<group>";
		};
/* End PBXGroup section */

/* Begin PBXNativeTarget section */
		6B59FB461F3DF8D00031BBB1 /* Chef */ = {
			isa = PBXNativeTarget;
			buildConfigurationList = 6B59FB591F3DF8D00031BBB1 /* Build configuration list for PBXNativeTarget "Chef" */;
			buildPhases = (
				6B59FB431F3DF8D00031BBB1 /* Sources */,
				6B59FB441F3DF8D00031BBB1 /* Frameworks */,
				6B59FB451F3DF8D00031BBB1 /* Resources */,
			);
			buildRules = (
			);
			dependencies = (
			);
			name = Chef;
			productName = Chef;
			productReference = 6B59FB471F3DF8D00031BBB1 /* Chef.app */;
			productType = "com.apple.product-type.application";
		};
/* End PBXNativeTarget section */

/* Begin PBXProject section */
		6B59FB3F1F3DF8D00031BBB1 /* Project object */ = {
			isa = PBXProject;
			attributes = {
				LastSwiftUpdateCheck = 0820;
				LastUpgradeCheck = 0820;
				ORGANIZATIONNAME = "Alex Sanchez";
				TargetAttributes = {
					6B59FB461F3DF8D00031BBB1 = {
						CreatedOnToolsVersion = 8.2.1;
						DevelopmentTeam = QEVD224EZ3;
						ProvisioningStyle = Automatic;
					};
				};
			};
			buildConfigurationList = 6B59FB421F3DF8D00031BBB1 /* Build configuration list for PBXProject "Chef" */;
			compatibilityVersion = "Xcode 3.2";
			developmentRegion = English;
			hasScannedForEncodings = 0;
			knownRegions = (
				en,
				Base,
			);
			mainGroup = 6B59FB3E1F3DF8D00031BBB1;
			productRefGroup = 6B59FB481F3DF8D00031BBB1 /* Products */;
			projectDirPath = "";
			projectRoot = "";
			targets = (
				6B59FB461F3DF8D00031BBB1 /* Chef */,
			);
		};
/* End PBXProject section */

/* Begin PBXResourcesBuildPhase section */
		6B59FB451F3DF8D00031BBB1 /* Resources */ = {
			isa = PBXResourcesBuildPhase;
			buildActionMask = 2147483647;
			files = (
				6B59FB551F3DF8D00031BBB1 /* LaunchScreen.storyboard in Resources */,
				6B59FB521F3DF8D00031BBB1 /* Assets.xcassets in Resources */,
			);
			runOnlyForDeploymentPostprocessing = 0;
		};
/* End PBXResourcesBuildPhase section */

/* Begin PBXSourcesBuildPhase section */
		6B59FB431F3DF8D00031BBB1 /* Sources */ = {
			isa = PBXSourcesBuildPhase;
			buildActionMask = 2147483647;
			files = (
				6B59FB4D1F3DF8D00031BBB1 /* BrowseViewController.swift in Sources */,
				6B59FB651F3DFF090031BBB1 /* BrowseChefCellDataSource.swift in Sources */,
				6B59FB691F3E00F30031BBB1 /* CustomTabBarController.swift in Sources */,
				6B59FB5D1F3DFB0E0031BBB1 /* BrowseDivisionCell.swift in Sources */,
				6B59FB4B1F3DF8D00031BBB1 /* AppDelegate.swift in Sources */,
				6B59FB631F3DFD5A0031BBB1 /* BrowseDivisionCellDataSource.swift in Sources */,
				6B59FB611F3DFC7E0031BBB1 /* Chef.swift in Sources */,
				6B59FB5F1F3DFBA20031BBB1 /* BrowseChefCell.swift in Sources */,
			);
			runOnlyForDeploymentPostprocessing = 0;
		};
/* End PBXSourcesBuildPhase section */

/* Begin PBXVariantGroup section */
		6B59FB531F3DF8D00031BBB1 /* LaunchScreen.storyboard */ = {
			isa = PBXVariantGroup;
			children = (
				6B59FB541F3DF8D00031BBB1 /* Base */,
			);
			name = LaunchScreen.storyboard;
			sourceTree = "<group>";
		};
/* End PBXVariantGroup section */

/* Begin XCBuildConfiguration section */
		6B59FB571F3DF8D00031BBB1 /* Debug */ = {
			isa = XCBuildConfiguration;
			buildSettings = {
				ALWAYS_SEARCH_USER_PATHS = NO;
				CLANG_ANALYZER_NONNULL = YES;
				CLANG_CXX_LANGUAGE_STANDARD = "gnu++0x";
				CLANG_CXX_LIBRARY = "libc++";
				CLANG_ENABLE_MODULES = YES;
				CLANG_ENABLE_OBJC_ARC = YES;
				CLANG_WARN_BOOL_CONVERSION = YES;
				CLANG_WARN_CONSTANT_CONVERSION = YES;
				CLANG_WARN_DIRECT_OBJC_ISA_USAGE = YES_ERROR;
				CLANG_WARN_DOCUMENTATION_COMMENTS = YES;
				CLANG_WARN_EMPTY_BODY = YES;
				CLANG_WARN_ENUM_CONVERSION = YES;
				CLANG_WARN_INFINITE_RECURSION = YES;
				CLANG_WARN_INT_CONVERSION = YES;
				CLANG_WARN_OBJC_ROOT_CLASS = YES_ERROR;
				CLANG_WARN_SUSPICIOUS_MOVE = YES;
				CLANG_WARN_UNREACHABLE_CODE = YES;
				CLANG_WARN__DUPLICATE_METHOD_MATCH = YES;
				"CODE_SIGN_IDENTITY[sdk=iphoneos*]" = "iPhone Developer";
				COPY_PHASE_STRIP = NO;
				DEBUG_INFORMATION_FORMAT = dwarf;
				ENABLE_STRICT_OBJC_MSGSEND = YES;
				ENABLE_TESTABILITY = YES;
				GCC_C_LANGUAGE_STANDARD = gnu99;
				GCC_DYNAMIC_NO_PIC = NO;
				GCC_NO_COMMON_BLOCKS = YES;
				GCC_OPTIMIZATION_LEVEL = 0;
				GCC_PREPROCESSOR_DEFINITIONS = (
					"DEBUG=1",
					"$(inherited)",
				);
				GCC_WARN_64_TO_32_BIT_CONVERSION = YES;
				GCC_WARN_ABOUT_RETURN_TYPE = YES_ERROR;
				GCC_WARN_UNDECLARED_SELECTOR = YES;
				GCC_WARN_UNINITIALIZED_AUTOS = YES_AGGRESSIVE;
				GCC_WARN_UNUSED_FUNCTION = YES;
				GCC_WARN_UNUSED_VARIABLE = YES;
				IPHONEOS_DEPLOYMENT_TARGET = 10.2;
				MTL_ENABLE_DEBUG_INFO = YES;
				ONLY_ACTIVE_ARCH = YES;
				SDKROOT = iphoneos;
				SWIFT_ACTIVE_COMPILATION_CONDITIONS = DEBUG;
				SWIFT_OPTIMIZATION_LEVEL = "-Onone";
				TARGETED_DEVICE_FAMILY = "1,2";
			};
			name = Debug;
		};
		6B59FB581F3DF8D00031BBB1 /* Release */ = {
			isa = XCBuildConfiguration;
			buildSettings = {
				ALWAYS_SEARCH_USER_PATHS = NO;
				CLANG_ANALYZER_NONNULL = YES;
				CLANG_CXX_LANGUAGE_STANDARD = "gnu++0x";
				CLANG_CXX_LIBRARY = "libc++";
				CLANG_ENABLE_MODULES = YES;
				CLANG_ENABLE_OBJC_ARC = YES;
				CLANG_WARN_BOOL_CONVERSION = YES;
				CLANG_WARN_CONSTANT_CONVERSION = YES;
				CLANG_WARN_DIRECT_OBJC_ISA_USAGE = YES_ERROR;
				CLANG_WARN_DOCUMENTATION_COMMENTS = YES;
				CLANG_WARN_EMPTY_BODY = YES;
				CLANG_WARN_ENUM_CONVERSION = YES;
				CLANG_WARN_INFINITE_RECURSION = YES;
				CLANG_WARN_INT_CONVERSION = YES;
				CLANG_WARN_OBJC_ROOT_CLASS = YES_ERROR;
				CLANG_WARN_SUSPICIOUS_MOVE = YES;
				CLANG_WARN_UNREACHABLE_CODE = YES;
				CLANG_WARN__DUPLICATE_METHOD_MATCH = YES;
				"CODE_SIGN_IDENTITY[sdk=iphoneos*]" = "iPhone Developer";
				COPY_PHASE_STRIP = NO;
				DEBUG_INFORMATION_FORMAT = "dwarf-with-dsym";
				ENABLE_NS_ASSERTIONS = NO;
				ENABLE_STRICT_OBJC_MSGSEND = YES;
				GCC_C_LANGUAGE_STANDARD = gnu99;
				GCC_NO_COMMON_BLOCKS = YES;
				GCC_WARN_64_TO_32_BIT_CONVERSION = YES;
				GCC_WARN_ABOUT_RETURN_TYPE = YES_ERROR;
				GCC_WARN_UNDECLARED_SELECTOR = YES;
				GCC_WARN_UNINITIALIZED_AUTOS = YES_AGGRESSIVE;
				GCC_WARN_UNUSED_FUNCTION = YES;
				GCC_WARN_UNUSED_VARIABLE = YES;
				IPHONEOS_DEPLOYMENT_TARGET = 10.2;
				MTL_ENABLE_DEBUG_INFO = NO;
				SDKROOT = iphoneos;
				SWIFT_OPTIMIZATION_LEVEL = "-Owholemodule";
				TARGETED_DEVICE_FAMILY = "1,2";
				VALIDATE_PRODUCT = YES;
			};
			name = Release;
		};
		6B59FB5A1F3DF8D00031BBB1 /* Debug */ = {
			isa = XCBuildConfiguration;
			buildSettings = {
				ASSETCATALOG_COMPILER_APPICON_NAME = AppIcon;
				DEVELOPMENT_TEAM = QEVD224EZ3;
				INFOPLIST_FILE = Chef/Info.plist;
				IPHONEOS_DEPLOYMENT_TARGET = 10.1;
				LD_RUNPATH_SEARCH_PATHS = "$(inherited) @executable_path/Frameworks";
				PRODUCT_BUNDLE_IDENTIFIER = com.example.AlexSanchez.Chef;
				PRODUCT_NAME = "$(TARGET_NAME)";
				SWIFT_VERSION = 3.0;
			};
			name = Debug;
		};
		6B59FB5B1F3DF8D00031BBB1 /* Release */ = {
			isa = XCBuildConfiguration;
			buildSettings = {
				ASSETCATALOG_COMPILER_APPICON_NAME = AppIcon;
				DEVELOPMENT_TEAM = QEVD224EZ3;
				INFOPLIST_FILE = Chef/Info.plist;
				IPHONEOS_DEPLOYMENT_TARGET = 10.1;
				LD_RUNPATH_SEARCH_PATHS = "$(inherited) @executable_path/Frameworks";
				PRODUCT_BUNDLE_IDENTIFIER = com.example.AlexSanchez.Chef;
				PRODUCT_NAME = "$(TARGET_NAME)";
				SWIFT_VERSION = 3.0;
			};
			name = Release;
		};
/* End XCBuildConfiguration section */

/* Begin XCConfigurationList section */
		6B59FB421F3DF8D00031BBB1 /* Build configuration list for PBXProject "Chef" */ = {
			isa = XCConfigurationList;
			buildConfigurations = (
				6B59FB571F3DF8D00031BBB1 /* Debug */,
				6B59FB581F3DF8D00031BBB1 /* Release */,
			);
			defaultConfigurationIsVisible = 0;
			defaultConfigurationName = Release;
		};
		6B59FB591F3DF8D00031BBB1 /* Build configuration list for PBXNativeTarget "Chef" */ = {
			isa = XCConfigurationList;
			buildConfigurations = (
				6B59FB5A1F3DF8D00031BBB1 /* Debug */,
				6B59FB5B1F3DF8D00031BBB1 /* Release */,
			);
			defaultConfigurationIsVisible = 0;
		};
/* End XCConfigurationList section */
	};
	rootObject = 6B59FB3F1F3DF8D00031BBB1 /* Project object */;
}
